
Microsoft Visual Studio Solution File, Format Version 12.00
# Visual Studio 2013
VisualStudioVersion = 12.0.30110.0
MinimumVisualStudioVersion = 10.0.40219.1
Project("{FAE04EC0-301F-11D3-BF4B-00C04F79EFBC}") = "clFizzBuzz", "clFizzBuzz\clFizzBuzz.csproj", "{28E06F27-7243-4FD4-818A-24346902A12F}"
EndProject
Project("{2150E333-8FDC-42A3-9474-1A3956D46DE8}") = "Solution Items", "Solution Items", "{60BB4249-E61B-4029-8611-DB133ACA4A60}"
EndProject
Project("{FAE04EC0-301F-11D3-BF4B-00C04F79EFBC}") = "conFizzBuzz", "conFizzBuzz\conFizzBuzz.csproj", "{A120ADDF-BA5F-4458-937A-7A2FE80205E4}"
EndProject
Project("{FAE04EC0-301F-11D3-BF4B-00C04F79EFBC}") = "FizzBuzzUnitTests", "FizzBuzzUnitTests\FizzBuzzUnitTests.csproj", "{DFADFBB0-3E56-4FDD-B75F-2F8A4DCB5E32}"
EndProject
Global
	GlobalSection(SolutionConfigurationPlatforms) = preSolution
		Debug|Any CPU = Debug|Any CPU
		Release|Any CPU = Release|Any CPU
	EndGlobalSection
	GlobalSection(ProjectConfigurationPlatforms) = postSolution
		{28E06F27-7243-4FD4-818A-24346902A12F}.Debug|Any CPU.ActiveCfg = Debug|Any CPU
		{28E06F27-7243-4FD4-818A-24346902A12F}.Debug|Any CPU.Build.0 = Debug|Any CPU
		{28E06F27-7243-4FD4-818A-24346902A12F}.Release|Any CPU.ActiveCfg = Release|Any CPU
		{28E06F27-7243-4FD4-818A-24346902A12F}.Release|Any CPU.Build.0 = Release|Any CPU
		{A120ADDF-BA5F-4458-937A-7A2FE80205E4}.Debug|Any CPU.ActiveCfg = Debug|Any CPU
		{A120ADDF-BA5F-4458-937A-7A2FE80205E4}.Debug|Any CPU.Build.0 = Debug|Any CPU
		{A120ADDF-BA5F-4458-937A-7A2FE80205E4}.Release|Any CPU.ActiveCfg = Release|Any CPU
		{A120ADDF-BA5F-4458-937A-7A2FE80205E4}.Release|Any CPU.Build.0 = Release|Any CPU
		{DFADFBB0-3E56-4FDD-B75F-2F8A4DCB5E32}.Debug|Any CPU.ActiveCfg = Debug|Any CPU
		{DFADFBB0-3E56-4FDD-B75F-2F8A4DCB5E32}.Debug|Any CPU.Build.0 = Debug|Any CPU
		{DFADFBB0-3E56-4FDD-B75F-2F8A4DCB5E32}.Release|Any CPU.ActiveCfg = Release|Any CPU
		{DFADFBB0-3E56-4FDD-B75F-2F8A4DCB5E32}.Release|Any CPU.Build.0 = Release|Any CPU
	EndGlobalSection
	GlobalSection(SolutionProperties) = preSolution
		HideSolutionNode = FALSE
	EndGlobalSection
EndGlobal
